{
  "requires": true,
  "lockfileVersion": 1,
  "dependencies": {
    "minecraft-scripting-types-server": {
      "version": "1.0.0-alpha.1",
      "resolved": "https://registry.npmjs.org/minecraft-scripting-types-server/-/minecraft-scripting-types-server-1.0.0-alpha.1.tgz",
      "integrity": "sha512-M/oTJi/Dr8uUECpl9V2XhVk56dTuirHLKe8VQdu3uhtSvYqjsZ6yYdOGdByUQQbDelZW4+FIF9PTWuN/U8ftyQ==",
      "dev": true,
      "requires": {
        "minecraft-scripting-types-shared": "^1.0.0-alpha.1"
      }
    },
    "minecraft-scripting-types-shared": {
      "version": "1.0.0-alpha.1",
      "resolved": "https://registry.npmjs.org/minecraft-scripting-types-shared/-/minecraft-scripting-types-shared-1.0.0-alpha.1.tgz",
      "integrity": "sha512-4j+U2Y3s9I5DrQbUQrAMZEy9gHiFSVa/fmucOXocR9axfpTJ/aJ+0X3V/Pn+grweatm5JsnOroiMqtEC0jlHcA==",
      "dev": true
    },
    "stoneserver-scripting-types": {
      "version": "0.0.2",
      "resolved": "https://registry.npmjs.org/stoneserver-scripting-types/-/stoneserver-scripting-types-0.0.2.tgz",
      "integrity": "sha512-pNwes1mH9WWOXduc5+ItJBd/iHfJ2A2bfTCTl5LYmVd4ifmCiCawHn8IOzLa5c800EdF6NFFSj4JrQE6Vc6BkQ==",
      "dev": true
    },
    "typescript": {
      "version": "3.3.3333",
      "resolved": "https://registry.npmjs.org/typescript/-/typescript-3.3.3333.tgz",
      "integrity": "sha512-JjSKsAfuHBE/fB2oZ8NxtRTk5iGcg6hkYXMnZ3Wc+b2RSqejEqTaem11mHASMnFilHrax3sLK0GDzcJrekZYLw==",
      "dev": true
    },
    "typescript-bundle": {
      "version": "1.0.11",
      "resolved": "https://registry.npmjs.org/typescript-bundle/-/typescript-bundle-1.0.11.tgz",
      "integrity": "sha512-C8nB6HuQc3uHdQoWIH3y4VQpgEY5DqSgUGpBg0u7eEGykoJgMOvrWI1GvYdUVMVwtZqk561fRmooExy2pDmiUQ==",
      "dev": true
    }
  }
}
