{
  "requires": true,
  "lockfileVersion": 1,
  "dependencies": {
    "minecraft-scripting-types-server": {
      "version": "1.0.0-alpha.1",
      "resolved": "https://registry.npmjs.org/minecraft-scripting-types-server/-/minecraft-scripting-types-server-1.0.0-alpha.1.tgz",
      "integrity": "sha512-M/oTJi/Dr8uUECpl9V2XhVk56dTuirHLKe8VQdu3uhtSvYqjsZ6yYdOGdByUQQbDelZW4+FIF9PTWuN/U8ftyQ==",
      "dev": true,
      "requires": {
        "minecraft-scripting-types-shared": "^1.0.0-alpha.1"
      }
    },
    "minecraft-scripting-types-shared": {
      "version": "1.0.0-alpha.1",
      "resolved": "https://registry.npmjs.org/minecraft-scripting-types-shared/-/minecraft-scripting-types-shared-1.0.0-alpha.1.tgz",
      "integrity": "sha512-4j+U2Y3s9I5DrQbUQrAMZEy9gHiFSVa/fmucOXocR9axfpTJ/aJ+0X3V/Pn+grweatm5JsnOroiMqtEC0jlHcA==",
      "dev": true
    },
    "stoneserver-scripting-types": {
      "version": "0.0.7",
      "resolved": "https://registry.npmjs.org/stoneserver-scripting-types/-/stoneserver-scripting-types-0.0.7.tgz",
      "integrity": "sha512-lM4/AqJH1kOWZP4VDB4Tonm6UkT6AISdksrspZIRZsh+hf3+2onENX8/n0riSHjkFvc5UOlESBYLMeAB9Iam3g==",
      "dev": true
    },
    "typescript": {
      "version": "3.3.3333",
      "resolved": "https://registry.npmjs.org/typescript/-/typescript-3.3.3333.tgz",
      "integrity": "sha512-JjSKsAfuHBE/fB2oZ8NxtRTk5iGcg6hkYXMnZ3Wc+b2RSqejEqTaem11mHASMnFilHrax3sLK0GDzcJrekZYLw==",
      "dev": true
    },
    "typescript-bundle": {
      "version": "1.0.12",
      "resolved": "https://registry.npmjs.org/typescript-bundle/-/typescript-bundle-1.0.12.tgz",
      "integrity": "sha512-2fL8AHAy4ta+V1eVFzukIomt9LAhvpwgjMxX8xBsSi/EULFToswNE2yBoafDEZ2UcZjF1++uCGIqhBxAN3tU1g==",
      "dev": true
    }
  }
}
